
Microsoft Visual Studio Solution File, Format Version 12.00
# Visual Studio 15
VisualStudioVersion = 15.0.28307.271
MinimumVisualStudioVersion = 10.0.40219.1
Project("{FAE04EC0-301F-11D3-BF4B-00C04F79EFBC}") = "PrimeGenerator", "PrimeGenerator\PrimeGenerator.csproj", "{BF8AF18D-E0B3-49C9-8E32-9908208A11AB}"
EndProject
Global
	GlobalSection(SolutionConfigurationPlatforms) = preSolution
		Debug|Any CPU = Debug|Any CPU
		Release|Any CPU = Release|Any CPU
	EndGlobalSection
	GlobalSection(ProjectConfigurationPlatforms) = postSolution
		{BF8AF18D-E0B3-49C9-8E32-9908208A11AB}.Debug|Any CPU.ActiveCfg = Debug|Any CPU
		{BF8AF18D-E0B3-49C9-8E32-9908208A11AB}.Debug|Any CPU.Build.0 = Debug|Any CPU
		{BF8AF18D-E0B3-49C9-8E32-9908208A11AB}.Release|Any CPU.ActiveCfg = Release|Any CPU
		{BF8AF18D-E0B3-49C9-8E32-9908208A11AB}.Release|Any CPU.Build.0 = Release|Any CPU
	EndGlobalSection
	GlobalSection(SolutionProperties) = preSolution
		HideSolutionNode = FALSE
	EndGlobalSection
	GlobalSection(ExtensibilityGlobals) = postSolution
		SolutionGuid = {3B597EF8-79C4-42FA-BAB8-700E8B3FB5E7}
	EndGlobalSection
EndGlobal
